
Microsoft Visual Studio Solution File, Format Version 12.00
# Visual Studio Version 16
VisualStudioVersion = 16.0.30320.27
MinimumVisualStudioVersion = 10.0.40219.1
Project("{FAE04EC0-301F-11D3-BF4B-00C04F79EFBC}") = "20200821_004Book001", "20200821_004Book001.csproj", "{5CEC56BE-0DC2-4C75-81E3-8148A36CA083}"
EndProject
Global
	GlobalSection(SolutionConfigurationPlatforms) = preSolution
		Debug|Any CPU = Debug|Any CPU
		Release|Any CPU = Release|Any CPU
	EndGlobalSection
	GlobalSection(ProjectConfigurationPlatforms) = postSolution
		{5CEC56BE-0DC2-4C75-81E3-8148A36CA083}.Debug|Any CPU.ActiveCfg = Debug|Any CPU
		{5CEC56BE-0DC2-4C75-81E3-8148A36CA083}.Debug|Any CPU.Build.0 = Debug|Any CPU
		{5CEC56BE-0DC2-4C75-81E3-8148A36CA083}.Release|Any CPU.ActiveCfg = Release|Any CPU
		{5CEC56BE-0DC2-4C75-81E3-8148A36CA083}.Release|Any CPU.Build.0 = Release|Any CPU
	EndGlobalSection
	GlobalSection(SolutionProperties) = preSolution
		HideSolutionNode = FALSE
	EndGlobalSection
	GlobalSection(ExtensibilityGlobals) = postSolution
		SolutionGuid = {F14E8D76-3442-4CEF-82B1-73FA29963997}
	EndGlobalSection
EndGlobal
