
Microsoft Visual Studio Solution File, Format Version 12.00
# Visual Studio Version 16
VisualStudioVersion = 16.0.30320.27
MinimumVisualStudioVersion = 10.0.40219.1
Project("{FAE04EC0-301F-11D3-BF4B-00C04F79EFBC}") = "20200821_003Combobox", "20200821_003Combobox.csproj", "{71CD25C4-8C89-4A18-AE90-DD3FFD4632B1}"
EndProject
Project("{FAE04EC0-301F-11D3-BF4B-00C04F79EFBC}") = "20200821_003Combobox2", "..\20200821_003Combobox2\20200821_003Combobox2.csproj", "{B096CAF1-36EC-4F2D-ADA4-C930FF4C27B3}"
EndProject
Project("{FAE04EC0-301F-11D3-BF4B-00C04F79EFBC}") = "20200821_003Combobox3", "..\20200821_003Combobox3\20200821_003Combobox3.csproj", "{C6DF1BBC-844D-42EE-9A1B-7D1D06AE5B94}"
EndProject
Global
	GlobalSection(SolutionConfigurationPlatforms) = preSolution
		Debug|Any CPU = Debug|Any CPU
		Release|Any CPU = Release|Any CPU
	EndGlobalSection
	GlobalSection(ProjectConfigurationPlatforms) = postSolution
		{71CD25C4-8C89-4A18-AE90-DD3FFD4632B1}.Debug|Any CPU.ActiveCfg = Debug|Any CPU
		{71CD25C4-8C89-4A18-AE90-DD3FFD4632B1}.Debug|Any CPU.Build.0 = Debug|Any CPU
		{71CD25C4-8C89-4A18-AE90-DD3FFD4632B1}.Release|Any CPU.ActiveCfg = Release|Any CPU
		{71CD25C4-8C89-4A18-AE90-DD3FFD4632B1}.Release|Any CPU.Build.0 = Release|Any CPU
		{B096CAF1-36EC-4F2D-ADA4-C930FF4C27B3}.Debug|Any CPU.ActiveCfg = Debug|Any CPU
		{B096CAF1-36EC-4F2D-ADA4-C930FF4C27B3}.Debug|Any CPU.Build.0 = Debug|Any CPU
		{B096CAF1-36EC-4F2D-ADA4-C930FF4C27B3}.Release|Any CPU.ActiveCfg = Release|Any CPU
		{B096CAF1-36EC-4F2D-ADA4-C930FF4C27B3}.Release|Any CPU.Build.0 = Release|Any CPU
		{C6DF1BBC-844D-42EE-9A1B-7D1D06AE5B94}.Debug|Any CPU.ActiveCfg = Debug|Any CPU
		{C6DF1BBC-844D-42EE-9A1B-7D1D06AE5B94}.Debug|Any CPU.Build.0 = Debug|Any CPU
		{C6DF1BBC-844D-42EE-9A1B-7D1D06AE5B94}.Release|Any CPU.ActiveCfg = Release|Any CPU
		{C6DF1BBC-844D-42EE-9A1B-7D1D06AE5B94}.Release|Any CPU.Build.0 = Release|Any CPU
	EndGlobalSection
	GlobalSection(SolutionProperties) = preSolution
		HideSolutionNode = FALSE
	EndGlobalSection
	GlobalSection(ExtensibilityGlobals) = postSolution
		SolutionGuid = {E4DBF09A-3E6D-44F1-A8A3-1A09C176A083}
	EndGlobalSection
EndGlobal
