
Microsoft Visual Studio Solution File, Format Version 12.00
# Visual Studio Version 16
VisualStudioVersion = 16.0.30320.27
MinimumVisualStudioVersion = 10.0.40219.1
Project("{8BC9CEB8-8B4A-11D0-8D11-00A0C91BC942}") = "Project25", "Project25.vcxproj", "{DF84D365-E8E9-4CFC-8B0F-0CD88F61BC57}"
EndProject
Global
	GlobalSection(SolutionConfigurationPlatforms) = preSolution
		Debug|x64 = Debug|x64
		Debug|x86 = Debug|x86
		Release|x64 = Release|x64
		Release|x86 = Release|x86
	EndGlobalSection
	GlobalSection(ProjectConfigurationPlatforms) = postSolution
		{DF84D365-E8E9-4CFC-8B0F-0CD88F61BC57}.Debug|x64.ActiveCfg = Debug|x64
		{DF84D365-E8E9-4CFC-8B0F-0CD88F61BC57}.Debug|x64.Build.0 = Debug|x64
		{DF84D365-E8E9-4CFC-8B0F-0CD88F61BC57}.Debug|x86.ActiveCfg = Debug|Win32
		{DF84D365-E8E9-4CFC-8B0F-0CD88F61BC57}.Debug|x86.Build.0 = Debug|Win32
		{DF84D365-E8E9-4CFC-8B0F-0CD88F61BC57}.Release|x64.ActiveCfg = Release|x64
		{DF84D365-E8E9-4CFC-8B0F-0CD88F61BC57}.Release|x64.Build.0 = Release|x64
		{DF84D365-E8E9-4CFC-8B0F-0CD88F61BC57}.Release|x86.ActiveCfg = Release|Win32
		{DF84D365-E8E9-4CFC-8B0F-0CD88F61BC57}.Release|x86.Build.0 = Release|Win32
	EndGlobalSection
	GlobalSection(SolutionProperties) = preSolution
		HideSolutionNode = FALSE
	EndGlobalSection
	GlobalSection(ExtensibilityGlobals) = postSolution
		SolutionGuid = {96B71227-8265-4366-BB4C-49D698CC2DEB}
	EndGlobalSection
EndGlobal
