
Microsoft Visual Studio Solution File, Format Version 12.00
# Visual Studio Version 16
VisualStudioVersion = 16.0.30320.27
MinimumVisualStudioVersion = 10.0.40219.1
Project("{FAE04EC0-301F-11D3-BF4B-00C04F79EFBC}") = "20200819_004", "20200819_004.csproj", "{F7BE8104-FD96-4F0B-B115-0A46143E7392}"
EndProject
Global
	GlobalSection(SolutionConfigurationPlatforms) = preSolution
		Debug|Any CPU = Debug|Any CPU
		Release|Any CPU = Release|Any CPU
	EndGlobalSection
	GlobalSection(ProjectConfigurationPlatforms) = postSolution
		{F7BE8104-FD96-4F0B-B115-0A46143E7392}.Debug|Any CPU.ActiveCfg = Debug|Any CPU
		{F7BE8104-FD96-4F0B-B115-0A46143E7392}.Debug|Any CPU.Build.0 = Debug|Any CPU
		{F7BE8104-FD96-4F0B-B115-0A46143E7392}.Release|Any CPU.ActiveCfg = Release|Any CPU
		{F7BE8104-FD96-4F0B-B115-0A46143E7392}.Release|Any CPU.Build.0 = Release|Any CPU
	EndGlobalSection
	GlobalSection(SolutionProperties) = preSolution
		HideSolutionNode = FALSE
	EndGlobalSection
	GlobalSection(ExtensibilityGlobals) = postSolution
		SolutionGuid = {75B622C8-33DB-48BF-9157-410E49A39B1C}
	EndGlobalSection
EndGlobal
