
Microsoft Visual Studio Solution File, Format Version 12.00
# Visual Studio Version 16
VisualStudioVersion = 16.0.30320.27
MinimumVisualStudioVersion = 10.0.40219.1
Project("{FAE04EC0-301F-11D3-BF4B-00C04F79EFBC}") = "20200818_007WinForm1", "20200818_007WinForm1.csproj", "{8F5CB6EE-CFE6-42F5-8DF8-CE8BAC89CE9C}"
EndProject
Global
	GlobalSection(SolutionConfigurationPlatforms) = preSolution
		Debug|Any CPU = Debug|Any CPU
		Release|Any CPU = Release|Any CPU
	EndGlobalSection
	GlobalSection(ProjectConfigurationPlatforms) = postSolution
		{8F5CB6EE-CFE6-42F5-8DF8-CE8BAC89CE9C}.Debug|Any CPU.ActiveCfg = Debug|Any CPU
		{8F5CB6EE-CFE6-42F5-8DF8-CE8BAC89CE9C}.Debug|Any CPU.Build.0 = Debug|Any CPU
		{8F5CB6EE-CFE6-42F5-8DF8-CE8BAC89CE9C}.Release|Any CPU.ActiveCfg = Release|Any CPU
		{8F5CB6EE-CFE6-42F5-8DF8-CE8BAC89CE9C}.Release|Any CPU.Build.0 = Release|Any CPU
	EndGlobalSection
	GlobalSection(SolutionProperties) = preSolution
		HideSolutionNode = FALSE
	EndGlobalSection
	GlobalSection(ExtensibilityGlobals) = postSolution
		SolutionGuid = {35E572F8-C474-40D5-AAF0-8CD024DC5F09}
	EndGlobalSection
EndGlobal
