
Microsoft Visual Studio Solution File, Format Version 12.00
# Visual Studio Version 16
VisualStudioVersion = 16.0.30114.105
MinimumVisualStudioVersion = 10.0.40219.1
Project("{FAE04EC0-301F-11D3-BF4B-00C04F79EFBC}") = "20200717_004", "20200717_004.csproj", "{1C3E11CF-3359-4554-8DDC-83F44DC25B6F}"
EndProject
Global
	GlobalSection(SolutionConfigurationPlatforms) = preSolution
		Debug|Any CPU = Debug|Any CPU
		Release|Any CPU = Release|Any CPU
	EndGlobalSection
	GlobalSection(ProjectConfigurationPlatforms) = postSolution
		{1C3E11CF-3359-4554-8DDC-83F44DC25B6F}.Debug|Any CPU.ActiveCfg = Debug|Any CPU
		{1C3E11CF-3359-4554-8DDC-83F44DC25B6F}.Debug|Any CPU.Build.0 = Debug|Any CPU
		{1C3E11CF-3359-4554-8DDC-83F44DC25B6F}.Release|Any CPU.ActiveCfg = Release|Any CPU
		{1C3E11CF-3359-4554-8DDC-83F44DC25B6F}.Release|Any CPU.Build.0 = Release|Any CPU
	EndGlobalSection
	GlobalSection(SolutionProperties) = preSolution
		HideSolutionNode = FALSE
	EndGlobalSection
	GlobalSection(ExtensibilityGlobals) = postSolution
		SolutionGuid = {2EA8C547-F76C-48E5-A033-B41F3F4926AC}
	EndGlobalSection
EndGlobal
