
Microsoft Visual Studio Solution File, Format Version 12.00
# Visual Studio Version 16
VisualStudioVersion = 16.0.30114.105
MinimumVisualStudioVersion = 10.0.40219.1
Project("{FAE04EC0-301F-11D3-BF4B-00C04F79EFBC}") = "20200526_003", "20200526_003.csproj", "{C211DD03-24FF-4905-9D14-4661E0D4813F}"
EndProject
Global
	GlobalSection(SolutionConfigurationPlatforms) = preSolution
		Debug|Any CPU = Debug|Any CPU
		Release|Any CPU = Release|Any CPU
	EndGlobalSection
	GlobalSection(ProjectConfigurationPlatforms) = postSolution
		{C211DD03-24FF-4905-9D14-4661E0D4813F}.Debug|Any CPU.ActiveCfg = Debug|Any CPU
		{C211DD03-24FF-4905-9D14-4661E0D4813F}.Debug|Any CPU.Build.0 = Debug|Any CPU
		{C211DD03-24FF-4905-9D14-4661E0D4813F}.Release|Any CPU.ActiveCfg = Release|Any CPU
		{C211DD03-24FF-4905-9D14-4661E0D4813F}.Release|Any CPU.Build.0 = Release|Any CPU
	EndGlobalSection
	GlobalSection(SolutionProperties) = preSolution
		HideSolutionNode = FALSE
	EndGlobalSection
	GlobalSection(ExtensibilityGlobals) = postSolution
		SolutionGuid = {D99D5044-BD58-469C-87DC-12A56F738B1E}
	EndGlobalSection
EndGlobal
