
Microsoft Visual Studio Solution File, Format Version 12.00
# Visual Studio Version 16
VisualStudioVersion = 16.0.30114.105
MinimumVisualStudioVersion = 10.0.40219.1
Project("{FAE04EC0-301F-11D3-BF4B-00C04F79EFBC}") = "20200717_002", "20200717_002.csproj", "{C6EB4EF0-687B-4C86-86EC-18228863D694}"
EndProject
Global
	GlobalSection(SolutionConfigurationPlatforms) = preSolution
		Debug|Any CPU = Debug|Any CPU
		Release|Any CPU = Release|Any CPU
	EndGlobalSection
	GlobalSection(ProjectConfigurationPlatforms) = postSolution
		{C6EB4EF0-687B-4C86-86EC-18228863D694}.Debug|Any CPU.ActiveCfg = Debug|Any CPU
		{C6EB4EF0-687B-4C86-86EC-18228863D694}.Debug|Any CPU.Build.0 = Debug|Any CPU
		{C6EB4EF0-687B-4C86-86EC-18228863D694}.Release|Any CPU.ActiveCfg = Release|Any CPU
		{C6EB4EF0-687B-4C86-86EC-18228863D694}.Release|Any CPU.Build.0 = Release|Any CPU
	EndGlobalSection
	GlobalSection(SolutionProperties) = preSolution
		HideSolutionNode = FALSE
	EndGlobalSection
	GlobalSection(ExtensibilityGlobals) = postSolution
		SolutionGuid = {A618175F-5A10-4A1D-A697-6C6FD2D9D08A}
	EndGlobalSection
EndGlobal
