
Microsoft Visual Studio Solution File, Format Version 12.00
# Visual Studio Version 16
VisualStudioVersion = 16.0.30320.27
MinimumVisualStudioVersion = 10.0.40219.1
Project("{FAE04EC0-301F-11D3-BF4B-00C04F79EFBC}") = "sokoban_007_003", "sokoban_007_003.csproj", "{3AB611C7-3139-4E5C-BAF3-331F2089B246}"
EndProject
Global
	GlobalSection(SolutionConfigurationPlatforms) = preSolution
		Debug|Any CPU = Debug|Any CPU
		Release|Any CPU = Release|Any CPU
	EndGlobalSection
	GlobalSection(ProjectConfigurationPlatforms) = postSolution
		{3AB611C7-3139-4E5C-BAF3-331F2089B246}.Debug|Any CPU.ActiveCfg = Debug|Any CPU
		{3AB611C7-3139-4E5C-BAF3-331F2089B246}.Debug|Any CPU.Build.0 = Debug|Any CPU
		{3AB611C7-3139-4E5C-BAF3-331F2089B246}.Release|Any CPU.ActiveCfg = Release|Any CPU
		{3AB611C7-3139-4E5C-BAF3-331F2089B246}.Release|Any CPU.Build.0 = Release|Any CPU
	EndGlobalSection
	GlobalSection(SolutionProperties) = preSolution
		HideSolutionNode = FALSE
	EndGlobalSection
	GlobalSection(ExtensibilityGlobals) = postSolution
		SolutionGuid = {B3EE7DEC-20A9-4B34-B76E-B28B3B41C839}
	EndGlobalSection
EndGlobal
