
Microsoft Visual Studio Solution File, Format Version 12.00
# Visual Studio Version 16
VisualStudioVersion = 16.0.30114.105
MinimumVisualStudioVersion = 10.0.40219.1
Project("{FAE04EC0-301F-11D3-BF4B-00C04F79EFBC}") = "20200713_002", "20200713_002.csproj", "{DEA0ED2F-5C9F-460E-973F-14500A3FEC6F}"
EndProject
Global
	GlobalSection(SolutionConfigurationPlatforms) = preSolution
		Debug|Any CPU = Debug|Any CPU
		Release|Any CPU = Release|Any CPU
	EndGlobalSection
	GlobalSection(ProjectConfigurationPlatforms) = postSolution
		{DEA0ED2F-5C9F-460E-973F-14500A3FEC6F}.Debug|Any CPU.ActiveCfg = Debug|Any CPU
		{DEA0ED2F-5C9F-460E-973F-14500A3FEC6F}.Debug|Any CPU.Build.0 = Debug|Any CPU
		{DEA0ED2F-5C9F-460E-973F-14500A3FEC6F}.Release|Any CPU.ActiveCfg = Release|Any CPU
		{DEA0ED2F-5C9F-460E-973F-14500A3FEC6F}.Release|Any CPU.Build.0 = Release|Any CPU
	EndGlobalSection
	GlobalSection(SolutionProperties) = preSolution
		HideSolutionNode = FALSE
	EndGlobalSection
	GlobalSection(ExtensibilityGlobals) = postSolution
		SolutionGuid = {BE6E0A9B-5682-43FE-B5F3-68602D915921}
	EndGlobalSection
EndGlobal
