
Microsoft Visual Studio Solution File, Format Version 12.00
# Visual Studio Version 16
VisualStudioVersion = 16.0.30320.27
MinimumVisualStudioVersion = 10.0.40219.1
Project("{FAE04EC0-301F-11D3-BF4B-00C04F79EFBC}") = "20200819_003", "20200819_003.csproj", "{CDA9DC73-94DF-4903-BE24-9D59E5D36664}"
EndProject
Global
	GlobalSection(SolutionConfigurationPlatforms) = preSolution
		Debug|Any CPU = Debug|Any CPU
		Release|Any CPU = Release|Any CPU
	EndGlobalSection
	GlobalSection(ProjectConfigurationPlatforms) = postSolution
		{CDA9DC73-94DF-4903-BE24-9D59E5D36664}.Debug|Any CPU.ActiveCfg = Debug|Any CPU
		{CDA9DC73-94DF-4903-BE24-9D59E5D36664}.Debug|Any CPU.Build.0 = Debug|Any CPU
		{CDA9DC73-94DF-4903-BE24-9D59E5D36664}.Release|Any CPU.ActiveCfg = Release|Any CPU
		{CDA9DC73-94DF-4903-BE24-9D59E5D36664}.Release|Any CPU.Build.0 = Release|Any CPU
	EndGlobalSection
	GlobalSection(SolutionProperties) = preSolution
		HideSolutionNode = FALSE
	EndGlobalSection
	GlobalSection(ExtensibilityGlobals) = postSolution
		SolutionGuid = {6921022C-5C87-4CF3-8A30-A97D2326F63A}
	EndGlobalSection
EndGlobal
