
Microsoft Visual Studio Solution File, Format Version 12.00
# Visual Studio Version 16
VisualStudioVersion = 16.0.30320.27
MinimumVisualStudioVersion = 10.0.40219.1
Project("{8BC9CEB8-8B4A-11D0-8D11-00A0C91BC942}") = "Project10", "Project10.vcxproj", "{8829074C-DE16-46D0-BCCC-7637F395B8BE}"
EndProject
Global
	GlobalSection(SolutionConfigurationPlatforms) = preSolution
		Debug|x64 = Debug|x64
		Debug|x86 = Debug|x86
		Release|x64 = Release|x64
		Release|x86 = Release|x86
	EndGlobalSection
	GlobalSection(ProjectConfigurationPlatforms) = postSolution
		{8829074C-DE16-46D0-BCCC-7637F395B8BE}.Debug|x64.ActiveCfg = Debug|x64
		{8829074C-DE16-46D0-BCCC-7637F395B8BE}.Debug|x64.Build.0 = Debug|x64
		{8829074C-DE16-46D0-BCCC-7637F395B8BE}.Debug|x86.ActiveCfg = Debug|Win32
		{8829074C-DE16-46D0-BCCC-7637F395B8BE}.Debug|x86.Build.0 = Debug|Win32
		{8829074C-DE16-46D0-BCCC-7637F395B8BE}.Release|x64.ActiveCfg = Release|x64
		{8829074C-DE16-46D0-BCCC-7637F395B8BE}.Release|x64.Build.0 = Release|x64
		{8829074C-DE16-46D0-BCCC-7637F395B8BE}.Release|x86.ActiveCfg = Release|Win32
		{8829074C-DE16-46D0-BCCC-7637F395B8BE}.Release|x86.Build.0 = Release|Win32
	EndGlobalSection
	GlobalSection(SolutionProperties) = preSolution
		HideSolutionNode = FALSE
	EndGlobalSection
	GlobalSection(ExtensibilityGlobals) = postSolution
		SolutionGuid = {74A57546-395E-4FF0-B157-26CCDE6FD20A}
	EndGlobalSection
EndGlobal
