
Microsoft Visual Studio Solution File, Format Version 12.00
# Visual Studio Version 16
VisualStudioVersion = 16.0.30320.27
MinimumVisualStudioVersion = 10.0.40219.1
Project("{FAE04EC0-301F-11D3-BF4B-00C04F79EFBC}") = "20200820_002", "20200820_002.csproj", "{54F3DF58-C03E-4C5A-A7D2-206F2C524762}"
EndProject
Global
	GlobalSection(SolutionConfigurationPlatforms) = preSolution
		Debug|Any CPU = Debug|Any CPU
		Release|Any CPU = Release|Any CPU
	EndGlobalSection
	GlobalSection(ProjectConfigurationPlatforms) = postSolution
		{54F3DF58-C03E-4C5A-A7D2-206F2C524762}.Debug|Any CPU.ActiveCfg = Debug|Any CPU
		{54F3DF58-C03E-4C5A-A7D2-206F2C524762}.Debug|Any CPU.Build.0 = Debug|Any CPU
		{54F3DF58-C03E-4C5A-A7D2-206F2C524762}.Release|Any CPU.ActiveCfg = Release|Any CPU
		{54F3DF58-C03E-4C5A-A7D2-206F2C524762}.Release|Any CPU.Build.0 = Release|Any CPU
	EndGlobalSection
	GlobalSection(SolutionProperties) = preSolution
		HideSolutionNode = FALSE
	EndGlobalSection
	GlobalSection(ExtensibilityGlobals) = postSolution
		SolutionGuid = {F8FD402D-7681-47F9-A331-3560B4437A24}
	EndGlobalSection
EndGlobal
