
Microsoft Visual Studio Solution File, Format Version 12.00
# Visual Studio Version 16
VisualStudioVersion = 16.0.30114.105
MinimumVisualStudioVersion = 10.0.40219.1
Project("{FAE04EC0-301F-11D3-BF4B-00C04F79EFBC}") = "20200717_003", "20200717_003.csproj", "{F438FD97-82CC-4FEF-9CE5-09E313061B83}"
EndProject
Global
	GlobalSection(SolutionConfigurationPlatforms) = preSolution
		Debug|Any CPU = Debug|Any CPU
		Release|Any CPU = Release|Any CPU
	EndGlobalSection
	GlobalSection(ProjectConfigurationPlatforms) = postSolution
		{F438FD97-82CC-4FEF-9CE5-09E313061B83}.Debug|Any CPU.ActiveCfg = Debug|Any CPU
		{F438FD97-82CC-4FEF-9CE5-09E313061B83}.Debug|Any CPU.Build.0 = Debug|Any CPU
		{F438FD97-82CC-4FEF-9CE5-09E313061B83}.Release|Any CPU.ActiveCfg = Release|Any CPU
		{F438FD97-82CC-4FEF-9CE5-09E313061B83}.Release|Any CPU.Build.0 = Release|Any CPU
	EndGlobalSection
	GlobalSection(SolutionProperties) = preSolution
		HideSolutionNode = FALSE
	EndGlobalSection
	GlobalSection(ExtensibilityGlobals) = postSolution
		SolutionGuid = {F20A5034-6EEB-4FBE-A0C8-AD16F8B38A18}
	EndGlobalSection
EndGlobal
