
Microsoft Visual Studio Solution File, Format Version 12.00
# Visual Studio Version 16
VisualStudioVersion = 16.0.30320.27
MinimumVisualStudioVersion = 10.0.40219.1
Project("{888888A0-9F3D-457C-B088-3A5042F75D52}") = "20200730_001", "20200730_001.pyproj", "{3B3295CC-5068-4828-8F64-0472313F9074}"
EndProject
Global
	GlobalSection(SolutionConfigurationPlatforms) = preSolution
		Debug|Any CPU = Debug|Any CPU
		Release|Any CPU = Release|Any CPU
	EndGlobalSection
	GlobalSection(ProjectConfigurationPlatforms) = postSolution
		{3B3295CC-5068-4828-8F64-0472313F9074}.Debug|Any CPU.ActiveCfg = Debug|Any CPU
		{3B3295CC-5068-4828-8F64-0472313F9074}.Release|Any CPU.ActiveCfg = Release|Any CPU
	EndGlobalSection
	GlobalSection(SolutionProperties) = preSolution
		HideSolutionNode = FALSE
	EndGlobalSection
	GlobalSection(ExtensibilityGlobals) = postSolution
		SolutionGuid = {FF2ACC70-C14E-438D-846C-EECFECBCD04A}
	EndGlobalSection
EndGlobal
