
Microsoft Visual Studio Solution File, Format Version 12.00
# Visual Studio Version 16
VisualStudioVersion = 16.0.30320.27
MinimumVisualStudioVersion = 10.0.40219.1
Project("{FAE04EC0-301F-11D3-BF4B-00C04F79EFBC}") = "20200730_002Client", "20200730_002Client.csproj", "{FA1CB4A6-BCFC-489F-9D30-438E5C38CE3D}"
EndProject
Project("{FAE04EC0-301F-11D3-BF4B-00C04F79EFBC}") = "20200730_002Server", "..\20200730_003\20200730_002Server.csproj", "{416C4ECC-5BA0-4796-9ECD-CAFED7E3AFA7}"
EndProject
Global
	GlobalSection(SolutionConfigurationPlatforms) = preSolution
		Debug|Any CPU = Debug|Any CPU
		Release|Any CPU = Release|Any CPU
	EndGlobalSection
	GlobalSection(ProjectConfigurationPlatforms) = postSolution
		{FA1CB4A6-BCFC-489F-9D30-438E5C38CE3D}.Debug|Any CPU.ActiveCfg = Debug|Any CPU
		{FA1CB4A6-BCFC-489F-9D30-438E5C38CE3D}.Debug|Any CPU.Build.0 = Debug|Any CPU
		{FA1CB4A6-BCFC-489F-9D30-438E5C38CE3D}.Release|Any CPU.ActiveCfg = Release|Any CPU
		{FA1CB4A6-BCFC-489F-9D30-438E5C38CE3D}.Release|Any CPU.Build.0 = Release|Any CPU
		{416C4ECC-5BA0-4796-9ECD-CAFED7E3AFA7}.Debug|Any CPU.ActiveCfg = Debug|Any CPU
		{416C4ECC-5BA0-4796-9ECD-CAFED7E3AFA7}.Debug|Any CPU.Build.0 = Debug|Any CPU
		{416C4ECC-5BA0-4796-9ECD-CAFED7E3AFA7}.Release|Any CPU.ActiveCfg = Release|Any CPU
		{416C4ECC-5BA0-4796-9ECD-CAFED7E3AFA7}.Release|Any CPU.Build.0 = Release|Any CPU
	EndGlobalSection
	GlobalSection(SolutionProperties) = preSolution
		HideSolutionNode = FALSE
	EndGlobalSection
	GlobalSection(ExtensibilityGlobals) = postSolution
		SolutionGuid = {C1F5DDBD-7E87-4184-A5A4-8F2307E5940C}
	EndGlobalSection
EndGlobal
