
Microsoft Visual Studio Solution File, Format Version 12.00
# Visual Studio Version 16
VisualStudioVersion = 16.0.30114.105
MinimumVisualStudioVersion = 10.0.40219.1
Project("{FAE04EC0-301F-11D3-BF4B-00C04F79EFBC}") = "20200604_002", "20200604_002.csproj", "{19BD6DDA-8F87-4F93-AB68-5231C830EBDF}"
EndProject
Global
	GlobalSection(SolutionConfigurationPlatforms) = preSolution
		Debug|Any CPU = Debug|Any CPU
		Release|Any CPU = Release|Any CPU
	EndGlobalSection
	GlobalSection(ProjectConfigurationPlatforms) = postSolution
		{19BD6DDA-8F87-4F93-AB68-5231C830EBDF}.Debug|Any CPU.ActiveCfg = Debug|Any CPU
		{19BD6DDA-8F87-4F93-AB68-5231C830EBDF}.Debug|Any CPU.Build.0 = Debug|Any CPU
		{19BD6DDA-8F87-4F93-AB68-5231C830EBDF}.Release|Any CPU.ActiveCfg = Release|Any CPU
		{19BD6DDA-8F87-4F93-AB68-5231C830EBDF}.Release|Any CPU.Build.0 = Release|Any CPU
	EndGlobalSection
	GlobalSection(SolutionProperties) = preSolution
		HideSolutionNode = FALSE
	EndGlobalSection
	GlobalSection(ExtensibilityGlobals) = postSolution
		SolutionGuid = {6C70455E-1F6F-4B40-A499-084F4EE7F6CA}
	EndGlobalSection
EndGlobal
