
Microsoft Visual Studio Solution File, Format Version 12.00
# Visual Studio Version 16
VisualStudioVersion = 16.0.30114.105
MinimumVisualStudioVersion = 10.0.40219.1
Project("{FAE04EC0-301F-11D3-BF4B-00C04F79EFBC}") = "20200526_TEST2", "20200526_TEST2.csproj", "{CD023543-B45F-4B74-9538-6A055CD21AF7}"
EndProject
Global
	GlobalSection(SolutionConfigurationPlatforms) = preSolution
		Debug|Any CPU = Debug|Any CPU
		Release|Any CPU = Release|Any CPU
	EndGlobalSection
	GlobalSection(ProjectConfigurationPlatforms) = postSolution
		{CD023543-B45F-4B74-9538-6A055CD21AF7}.Debug|Any CPU.ActiveCfg = Debug|Any CPU
		{CD023543-B45F-4B74-9538-6A055CD21AF7}.Debug|Any CPU.Build.0 = Debug|Any CPU
		{CD023543-B45F-4B74-9538-6A055CD21AF7}.Release|Any CPU.ActiveCfg = Release|Any CPU
		{CD023543-B45F-4B74-9538-6A055CD21AF7}.Release|Any CPU.Build.0 = Release|Any CPU
	EndGlobalSection
	GlobalSection(SolutionProperties) = preSolution
		HideSolutionNode = FALSE
	EndGlobalSection
	GlobalSection(ExtensibilityGlobals) = postSolution
		SolutionGuid = {A6DB5738-3F07-45FD-ADAE-27BAB590A9B5}
	EndGlobalSection
EndGlobal
