
Microsoft Visual Studio Solution File, Format Version 12.00
# Visual Studio Version 16
VisualStudioVersion = 16.0.30320.27
MinimumVisualStudioVersion = 10.0.40219.1
Project("{FAE04EC0-301F-11D3-BF4B-00C04F79EFBC}") = "sokoban_002", "sokoban_002.csproj", "{DB9A75EC-9B68-4C82-A88C-03136AF612B8}"
EndProject
Global
	GlobalSection(SolutionConfigurationPlatforms) = preSolution
		Debug|Any CPU = Debug|Any CPU
		Release|Any CPU = Release|Any CPU
	EndGlobalSection
	GlobalSection(ProjectConfigurationPlatforms) = postSolution
		{DB9A75EC-9B68-4C82-A88C-03136AF612B8}.Debug|Any CPU.ActiveCfg = Debug|Any CPU
		{DB9A75EC-9B68-4C82-A88C-03136AF612B8}.Debug|Any CPU.Build.0 = Debug|Any CPU
		{DB9A75EC-9B68-4C82-A88C-03136AF612B8}.Release|Any CPU.ActiveCfg = Release|Any CPU
		{DB9A75EC-9B68-4C82-A88C-03136AF612B8}.Release|Any CPU.Build.0 = Release|Any CPU
	EndGlobalSection
	GlobalSection(SolutionProperties) = preSolution
		HideSolutionNode = FALSE
	EndGlobalSection
	GlobalSection(ExtensibilityGlobals) = postSolution
		SolutionGuid = {623F00C1-67E5-4D43-A68F-4118A58384DF}
	EndGlobalSection
EndGlobal
