
Microsoft Visual Studio Solution File, Format Version 12.00
# Visual Studio Version 16
VisualStudioVersion = 16.0.30320.27
MinimumVisualStudioVersion = 10.0.40219.1
Project("{FAE04EC0-301F-11D3-BF4B-00C04F79EFBC}") = "20200818_003", "20200818_003.csproj", "{224AC7BC-343A-47CB-95E7-E673EC2A9423}"
EndProject
Global
	GlobalSection(SolutionConfigurationPlatforms) = preSolution
		Debug|Any CPU = Debug|Any CPU
		Release|Any CPU = Release|Any CPU
	EndGlobalSection
	GlobalSection(ProjectConfigurationPlatforms) = postSolution
		{224AC7BC-343A-47CB-95E7-E673EC2A9423}.Debug|Any CPU.ActiveCfg = Debug|Any CPU
		{224AC7BC-343A-47CB-95E7-E673EC2A9423}.Debug|Any CPU.Build.0 = Debug|Any CPU
		{224AC7BC-343A-47CB-95E7-E673EC2A9423}.Release|Any CPU.ActiveCfg = Release|Any CPU
		{224AC7BC-343A-47CB-95E7-E673EC2A9423}.Release|Any CPU.Build.0 = Release|Any CPU
	EndGlobalSection
	GlobalSection(SolutionProperties) = preSolution
		HideSolutionNode = FALSE
	EndGlobalSection
	GlobalSection(ExtensibilityGlobals) = postSolution
		SolutionGuid = {B45DEB00-6E00-449C-B01B-7EB339587512}
	EndGlobalSection
EndGlobal
