
Microsoft Visual Studio Solution File, Format Version 12.00
# Visual Studio Version 16
VisualStudioVersion = 16.0.30114.105
MinimumVisualStudioVersion = 10.0.40219.1
Project("{FAE04EC0-301F-11D3-BF4B-00C04F79EFBC}") = "20200522_001", "20200522_001.csproj", "{F3CD223C-2516-4A99-A06C-ECB9880FA348}"
EndProject
Global
	GlobalSection(SolutionConfigurationPlatforms) = preSolution
		Debug|Any CPU = Debug|Any CPU
		Release|Any CPU = Release|Any CPU
	EndGlobalSection
	GlobalSection(ProjectConfigurationPlatforms) = postSolution
		{F3CD223C-2516-4A99-A06C-ECB9880FA348}.Debug|Any CPU.ActiveCfg = Debug|Any CPU
		{F3CD223C-2516-4A99-A06C-ECB9880FA348}.Debug|Any CPU.Build.0 = Debug|Any CPU
		{F3CD223C-2516-4A99-A06C-ECB9880FA348}.Release|Any CPU.ActiveCfg = Release|Any CPU
		{F3CD223C-2516-4A99-A06C-ECB9880FA348}.Release|Any CPU.Build.0 = Release|Any CPU
	EndGlobalSection
	GlobalSection(SolutionProperties) = preSolution
		HideSolutionNode = FALSE
	EndGlobalSection
	GlobalSection(ExtensibilityGlobals) = postSolution
		SolutionGuid = {B32F5D7D-29F0-4E53-BE8C-C4643F4A62DF}
	EndGlobalSection
EndGlobal
