
Microsoft Visual Studio Solution File, Format Version 12.00
# Visual Studio Version 16
VisualStudioVersion = 16.0.30114.105
MinimumVisualStudioVersion = 10.0.40219.1
Project("{FAE04EC0-301F-11D3-BF4B-00C04F79EFBC}") = "20200717_005", "20200717_005.csproj", "{80040831-5B99-43F6-8DF3-BE56587362D2}"
EndProject
Global
	GlobalSection(SolutionConfigurationPlatforms) = preSolution
		Debug|Any CPU = Debug|Any CPU
		Release|Any CPU = Release|Any CPU
	EndGlobalSection
	GlobalSection(ProjectConfigurationPlatforms) = postSolution
		{80040831-5B99-43F6-8DF3-BE56587362D2}.Debug|Any CPU.ActiveCfg = Debug|Any CPU
		{80040831-5B99-43F6-8DF3-BE56587362D2}.Debug|Any CPU.Build.0 = Debug|Any CPU
		{80040831-5B99-43F6-8DF3-BE56587362D2}.Release|Any CPU.ActiveCfg = Release|Any CPU
		{80040831-5B99-43F6-8DF3-BE56587362D2}.Release|Any CPU.Build.0 = Release|Any CPU
	EndGlobalSection
	GlobalSection(SolutionProperties) = preSolution
		HideSolutionNode = FALSE
	EndGlobalSection
	GlobalSection(ExtensibilityGlobals) = postSolution
		SolutionGuid = {8391851F-3F22-49E3-A31E-916411D96F95}
	EndGlobalSection
EndGlobal
