
Microsoft Visual Studio Solution File, Format Version 12.00
# Visual Studio Version 16
VisualStudioVersion = 16.0.30114.105
MinimumVisualStudioVersion = 10.0.40219.1
Project("{FAE04EC0-301F-11D3-BF4B-00C04F79EFBC}") = "20200601_002", "20200601_002.csproj", "{8996870B-82CA-4BBC-A1F7-60ABD0F121AF}"
EndProject
Global
	GlobalSection(SolutionConfigurationPlatforms) = preSolution
		Debug|Any CPU = Debug|Any CPU
		Release|Any CPU = Release|Any CPU
	EndGlobalSection
	GlobalSection(ProjectConfigurationPlatforms) = postSolution
		{8996870B-82CA-4BBC-A1F7-60ABD0F121AF}.Debug|Any CPU.ActiveCfg = Debug|Any CPU
		{8996870B-82CA-4BBC-A1F7-60ABD0F121AF}.Debug|Any CPU.Build.0 = Debug|Any CPU
		{8996870B-82CA-4BBC-A1F7-60ABD0F121AF}.Release|Any CPU.ActiveCfg = Release|Any CPU
		{8996870B-82CA-4BBC-A1F7-60ABD0F121AF}.Release|Any CPU.Build.0 = Release|Any CPU
	EndGlobalSection
	GlobalSection(SolutionProperties) = preSolution
		HideSolutionNode = FALSE
	EndGlobalSection
	GlobalSection(ExtensibilityGlobals) = postSolution
		SolutionGuid = {C64927F6-D82B-4266-8F0B-A0E4A2340A13}
	EndGlobalSection
EndGlobal
