
Microsoft Visual Studio Solution File, Format Version 12.00
# Visual Studio Version 16
VisualStudioVersion = 16.0.30320.27
MinimumVisualStudioVersion = 10.0.40219.1
Project("{8BC9CEB8-8B4A-11D0-8D11-00A0C91BC942}") = "Project28", "Project28.vcxproj", "{2A2B67E1-5E4C-43BF-AB11-ADC07720BCEC}"
EndProject
Global
	GlobalSection(SolutionConfigurationPlatforms) = preSolution
		Debug|x64 = Debug|x64
		Debug|x86 = Debug|x86
		Release|x64 = Release|x64
		Release|x86 = Release|x86
	EndGlobalSection
	GlobalSection(ProjectConfigurationPlatforms) = postSolution
		{2A2B67E1-5E4C-43BF-AB11-ADC07720BCEC}.Debug|x64.ActiveCfg = Debug|x64
		{2A2B67E1-5E4C-43BF-AB11-ADC07720BCEC}.Debug|x64.Build.0 = Debug|x64
		{2A2B67E1-5E4C-43BF-AB11-ADC07720BCEC}.Debug|x86.ActiveCfg = Debug|Win32
		{2A2B67E1-5E4C-43BF-AB11-ADC07720BCEC}.Debug|x86.Build.0 = Debug|Win32
		{2A2B67E1-5E4C-43BF-AB11-ADC07720BCEC}.Release|x64.ActiveCfg = Release|x64
		{2A2B67E1-5E4C-43BF-AB11-ADC07720BCEC}.Release|x64.Build.0 = Release|x64
		{2A2B67E1-5E4C-43BF-AB11-ADC07720BCEC}.Release|x86.ActiveCfg = Release|Win32
		{2A2B67E1-5E4C-43BF-AB11-ADC07720BCEC}.Release|x86.Build.0 = Release|Win32
	EndGlobalSection
	GlobalSection(SolutionProperties) = preSolution
		HideSolutionNode = FALSE
	EndGlobalSection
	GlobalSection(ExtensibilityGlobals) = postSolution
		SolutionGuid = {6BBC2F3E-67F7-4DFD-A563-62880BC1533D}
	EndGlobalSection
EndGlobal
