
Microsoft Visual Studio Solution File, Format Version 12.00
# Visual Studio Version 16
VisualStudioVersion = 16.0.30320.27
MinimumVisualStudioVersion = 10.0.40219.1
Project("{8BC9CEB8-8B4A-11D0-8D11-00A0C91BC942}") = "Project22", "Project22.vcxproj", "{1FCB87F9-6006-405D-A6D1-7A56F4BF7AFB}"
EndProject
Global
	GlobalSection(SolutionConfigurationPlatforms) = preSolution
		Debug|x64 = Debug|x64
		Debug|x86 = Debug|x86
		Release|x64 = Release|x64
		Release|x86 = Release|x86
	EndGlobalSection
	GlobalSection(ProjectConfigurationPlatforms) = postSolution
		{1FCB87F9-6006-405D-A6D1-7A56F4BF7AFB}.Debug|x64.ActiveCfg = Debug|x64
		{1FCB87F9-6006-405D-A6D1-7A56F4BF7AFB}.Debug|x64.Build.0 = Debug|x64
		{1FCB87F9-6006-405D-A6D1-7A56F4BF7AFB}.Debug|x86.ActiveCfg = Debug|Win32
		{1FCB87F9-6006-405D-A6D1-7A56F4BF7AFB}.Debug|x86.Build.0 = Debug|Win32
		{1FCB87F9-6006-405D-A6D1-7A56F4BF7AFB}.Release|x64.ActiveCfg = Release|x64
		{1FCB87F9-6006-405D-A6D1-7A56F4BF7AFB}.Release|x64.Build.0 = Release|x64
		{1FCB87F9-6006-405D-A6D1-7A56F4BF7AFB}.Release|x86.ActiveCfg = Release|Win32
		{1FCB87F9-6006-405D-A6D1-7A56F4BF7AFB}.Release|x86.Build.0 = Release|Win32
	EndGlobalSection
	GlobalSection(SolutionProperties) = preSolution
		HideSolutionNode = FALSE
	EndGlobalSection
	GlobalSection(ExtensibilityGlobals) = postSolution
		SolutionGuid = {F64F0C7D-FEF8-43E3-BCF5-DF2BF6039B25}
	EndGlobalSection
EndGlobal
