
Microsoft Visual Studio Solution File, Format Version 12.00
# Visual Studio Version 16
VisualStudioVersion = 16.0.30320.27
MinimumVisualStudioVersion = 10.0.40219.1
Project("{FAE04EC0-301F-11D3-BF4B-00C04F79EFBC}") = "20200818_005", "20200818_005.csproj", "{7D13A0A7-D7C4-4218-BEB6-0CF1988975E8}"
EndProject
Global
	GlobalSection(SolutionConfigurationPlatforms) = preSolution
		Debug|Any CPU = Debug|Any CPU
		Release|Any CPU = Release|Any CPU
	EndGlobalSection
	GlobalSection(ProjectConfigurationPlatforms) = postSolution
		{7D13A0A7-D7C4-4218-BEB6-0CF1988975E8}.Debug|Any CPU.ActiveCfg = Debug|Any CPU
		{7D13A0A7-D7C4-4218-BEB6-0CF1988975E8}.Debug|Any CPU.Build.0 = Debug|Any CPU
		{7D13A0A7-D7C4-4218-BEB6-0CF1988975E8}.Release|Any CPU.ActiveCfg = Release|Any CPU
		{7D13A0A7-D7C4-4218-BEB6-0CF1988975E8}.Release|Any CPU.Build.0 = Release|Any CPU
	EndGlobalSection
	GlobalSection(SolutionProperties) = preSolution
		HideSolutionNode = FALSE
	EndGlobalSection
	GlobalSection(ExtensibilityGlobals) = postSolution
		SolutionGuid = {AF776EAB-2ADC-40AD-ACCB-41BC71588EA9}
	EndGlobalSection
EndGlobal
