
Microsoft Visual Studio Solution File, Format Version 12.00
# Visual Studio Version 16
VisualStudioVersion = 16.0.30320.27
MinimumVisualStudioVersion = 10.0.40219.1
Project("{FAE04EC0-301F-11D3-BF4B-00C04F79EFBC}") = "sokoban_008", "sokoban_008.csproj", "{AAD352EE-B671-4B5F-BA19-D43E94D36E26}"
EndProject
Global
	GlobalSection(SolutionConfigurationPlatforms) = preSolution
		Debug|Any CPU = Debug|Any CPU
		Release|Any CPU = Release|Any CPU
	EndGlobalSection
	GlobalSection(ProjectConfigurationPlatforms) = postSolution
		{AAD352EE-B671-4B5F-BA19-D43E94D36E26}.Debug|Any CPU.ActiveCfg = Debug|Any CPU
		{AAD352EE-B671-4B5F-BA19-D43E94D36E26}.Debug|Any CPU.Build.0 = Debug|Any CPU
		{AAD352EE-B671-4B5F-BA19-D43E94D36E26}.Release|Any CPU.ActiveCfg = Release|Any CPU
		{AAD352EE-B671-4B5F-BA19-D43E94D36E26}.Release|Any CPU.Build.0 = Release|Any CPU
	EndGlobalSection
	GlobalSection(SolutionProperties) = preSolution
		HideSolutionNode = FALSE
	EndGlobalSection
	GlobalSection(ExtensibilityGlobals) = postSolution
		SolutionGuid = {438BCDA1-CD34-4409-A484-773ABBF11F9F}
	EndGlobalSection
EndGlobal
