
Microsoft Visual Studio Solution File, Format Version 12.00
# Visual Studio Version 16
VisualStudioVersion = 16.0.30114.105
MinimumVisualStudioVersion = 10.0.40219.1
Project("{FAE04EC0-301F-11D3-BF4B-00C04F79EFBC}") = "20200525_005", "20200525_005.csproj", "{57F6B23A-D9D3-4BAD-994D-2662800B54A8}"
EndProject
Global
	GlobalSection(SolutionConfigurationPlatforms) = preSolution
		Debug|Any CPU = Debug|Any CPU
		Release|Any CPU = Release|Any CPU
	EndGlobalSection
	GlobalSection(ProjectConfigurationPlatforms) = postSolution
		{57F6B23A-D9D3-4BAD-994D-2662800B54A8}.Debug|Any CPU.ActiveCfg = Debug|Any CPU
		{57F6B23A-D9D3-4BAD-994D-2662800B54A8}.Debug|Any CPU.Build.0 = Debug|Any CPU
		{57F6B23A-D9D3-4BAD-994D-2662800B54A8}.Release|Any CPU.ActiveCfg = Release|Any CPU
		{57F6B23A-D9D3-4BAD-994D-2662800B54A8}.Release|Any CPU.Build.0 = Release|Any CPU
	EndGlobalSection
	GlobalSection(SolutionProperties) = preSolution
		HideSolutionNode = FALSE
	EndGlobalSection
	GlobalSection(ExtensibilityGlobals) = postSolution
		SolutionGuid = {D83FCFAA-490B-45DE-95A9-34D0721CFAF0}
	EndGlobalSection
EndGlobal
