
Microsoft Visual Studio Solution File, Format Version 12.00
# Visual Studio Version 16
VisualStudioVersion = 16.0.30320.27
MinimumVisualStudioVersion = 10.0.40219.1
Project("{8BC9CEB8-8B4A-11D0-8D11-00A0C91BC942}") = "Project21", "Project21.vcxproj", "{7E0F961E-5D29-4722-98E9-C08494021B80}"
EndProject
Global
	GlobalSection(SolutionConfigurationPlatforms) = preSolution
		Debug|x64 = Debug|x64
		Debug|x86 = Debug|x86
		Release|x64 = Release|x64
		Release|x86 = Release|x86
	EndGlobalSection
	GlobalSection(ProjectConfigurationPlatforms) = postSolution
		{7E0F961E-5D29-4722-98E9-C08494021B80}.Debug|x64.ActiveCfg = Debug|x64
		{7E0F961E-5D29-4722-98E9-C08494021B80}.Debug|x64.Build.0 = Debug|x64
		{7E0F961E-5D29-4722-98E9-C08494021B80}.Debug|x86.ActiveCfg = Debug|Win32
		{7E0F961E-5D29-4722-98E9-C08494021B80}.Debug|x86.Build.0 = Debug|Win32
		{7E0F961E-5D29-4722-98E9-C08494021B80}.Release|x64.ActiveCfg = Release|x64
		{7E0F961E-5D29-4722-98E9-C08494021B80}.Release|x64.Build.0 = Release|x64
		{7E0F961E-5D29-4722-98E9-C08494021B80}.Release|x86.ActiveCfg = Release|Win32
		{7E0F961E-5D29-4722-98E9-C08494021B80}.Release|x86.Build.0 = Release|Win32
	EndGlobalSection
	GlobalSection(SolutionProperties) = preSolution
		HideSolutionNode = FALSE
	EndGlobalSection
	GlobalSection(ExtensibilityGlobals) = postSolution
		SolutionGuid = {A71AC08D-808C-4278-B9E5-48E56E019F99}
	EndGlobalSection
EndGlobal
