
Microsoft Visual Studio Solution File, Format Version 12.00
# Visual Studio Version 16
VisualStudioVersion = 16.0.30114.105
MinimumVisualStudioVersion = 10.0.40219.1
Project("{FAE04EC0-301F-11D3-BF4B-00C04F79EFBC}") = "20200604_004", "20200604_004.csproj", "{1C795023-54A9-4DF5-AACE-2115CCA0846B}"
EndProject
Global
	GlobalSection(SolutionConfigurationPlatforms) = preSolution
		Debug|Any CPU = Debug|Any CPU
		Release|Any CPU = Release|Any CPU
	EndGlobalSection
	GlobalSection(ProjectConfigurationPlatforms) = postSolution
		{1C795023-54A9-4DF5-AACE-2115CCA0846B}.Debug|Any CPU.ActiveCfg = Debug|Any CPU
		{1C795023-54A9-4DF5-AACE-2115CCA0846B}.Debug|Any CPU.Build.0 = Debug|Any CPU
		{1C795023-54A9-4DF5-AACE-2115CCA0846B}.Release|Any CPU.ActiveCfg = Release|Any CPU
		{1C795023-54A9-4DF5-AACE-2115CCA0846B}.Release|Any CPU.Build.0 = Release|Any CPU
	EndGlobalSection
	GlobalSection(SolutionProperties) = preSolution
		HideSolutionNode = FALSE
	EndGlobalSection
	GlobalSection(ExtensibilityGlobals) = postSolution
		SolutionGuid = {F6D7EEFA-A986-4FDF-98D1-466869BD8B3E}
	EndGlobalSection
EndGlobal
