
Microsoft Visual Studio Solution File, Format Version 12.00
# Visual Studio Version 16
VisualStudioVersion = 16.0.30114.105
MinimumVisualStudioVersion = 10.0.40219.1
Project("{FAE04EC0-301F-11D3-BF4B-00C04F79EFBC}") = "20200603_001", "20200603_001.csproj", "{950F869E-51AA-4888-AA97-88BB4702C02E}"
EndProject
Global
	GlobalSection(SolutionConfigurationPlatforms) = preSolution
		Debug|Any CPU = Debug|Any CPU
		Release|Any CPU = Release|Any CPU
	EndGlobalSection
	GlobalSection(ProjectConfigurationPlatforms) = postSolution
		{950F869E-51AA-4888-AA97-88BB4702C02E}.Debug|Any CPU.ActiveCfg = Debug|Any CPU
		{950F869E-51AA-4888-AA97-88BB4702C02E}.Debug|Any CPU.Build.0 = Debug|Any CPU
		{950F869E-51AA-4888-AA97-88BB4702C02E}.Release|Any CPU.ActiveCfg = Release|Any CPU
		{950F869E-51AA-4888-AA97-88BB4702C02E}.Release|Any CPU.Build.0 = Release|Any CPU
	EndGlobalSection
	GlobalSection(SolutionProperties) = preSolution
		HideSolutionNode = FALSE
	EndGlobalSection
	GlobalSection(ExtensibilityGlobals) = postSolution
		SolutionGuid = {58590A15-78B7-46B0-A2F7-F3312966D56A}
	EndGlobalSection
EndGlobal
