
Microsoft Visual Studio Solution File, Format Version 12.00
# Visual Studio Version 16
VisualStudioVersion = 16.0.30114.105
MinimumVisualStudioVersion = 10.0.40219.1
Project("{FAE04EC0-301F-11D3-BF4B-00C04F79EFBC}") = "20200629_001", "20200629_001.csproj", "{59CDD40B-76B9-47E0-BE6D-B2A3AE6C2079}"
EndProject
Global
	GlobalSection(SolutionConfigurationPlatforms) = preSolution
		Debug|Any CPU = Debug|Any CPU
		Release|Any CPU = Release|Any CPU
	EndGlobalSection
	GlobalSection(ProjectConfigurationPlatforms) = postSolution
		{59CDD40B-76B9-47E0-BE6D-B2A3AE6C2079}.Debug|Any CPU.ActiveCfg = Debug|Any CPU
		{59CDD40B-76B9-47E0-BE6D-B2A3AE6C2079}.Debug|Any CPU.Build.0 = Debug|Any CPU
		{59CDD40B-76B9-47E0-BE6D-B2A3AE6C2079}.Release|Any CPU.ActiveCfg = Release|Any CPU
		{59CDD40B-76B9-47E0-BE6D-B2A3AE6C2079}.Release|Any CPU.Build.0 = Release|Any CPU
	EndGlobalSection
	GlobalSection(SolutionProperties) = preSolution
		HideSolutionNode = FALSE
	EndGlobalSection
	GlobalSection(ExtensibilityGlobals) = postSolution
		SolutionGuid = {F0EF4515-FE92-4E6B-AFDA-D168A99E32C7}
	EndGlobalSection
EndGlobal
