
Microsoft Visual Studio Solution File, Format Version 12.00
# Visual Studio Version 16
VisualStudioVersion = 16.0.30320.27
MinimumVisualStudioVersion = 10.0.40219.1
Project("{FAE04EC0-301F-11D3-BF4B-00C04F79EFBC}") = "WindowsFormsApp1", "WindowsFormsApp1.csproj", "{60390D9D-E3FE-46A8-AC5D-3DD772B4DE5A}"
EndProject
Global
	GlobalSection(SolutionConfigurationPlatforms) = preSolution
		Debug|Any CPU = Debug|Any CPU
		Release|Any CPU = Release|Any CPU
	EndGlobalSection
	GlobalSection(ProjectConfigurationPlatforms) = postSolution
		{60390D9D-E3FE-46A8-AC5D-3DD772B4DE5A}.Debug|Any CPU.ActiveCfg = Debug|Any CPU
		{60390D9D-E3FE-46A8-AC5D-3DD772B4DE5A}.Debug|Any CPU.Build.0 = Debug|Any CPU
		{60390D9D-E3FE-46A8-AC5D-3DD772B4DE5A}.Release|Any CPU.ActiveCfg = Release|Any CPU
		{60390D9D-E3FE-46A8-AC5D-3DD772B4DE5A}.Release|Any CPU.Build.0 = Release|Any CPU
	EndGlobalSection
	GlobalSection(SolutionProperties) = preSolution
		HideSolutionNode = FALSE
	EndGlobalSection
	GlobalSection(ExtensibilityGlobals) = postSolution
		SolutionGuid = {FDBD7C8D-90FD-4572-967E-7C1FB290E9CC}
	EndGlobalSection
EndGlobal
