
Microsoft Visual Studio Solution File, Format Version 12.00
# Visual Studio Version 16
VisualStudioVersion = 16.0.30320.27
MinimumVisualStudioVersion = 10.0.40219.1
Project("{FAE04EC0-301F-11D3-BF4B-00C04F79EFBC}") = "20200818_002(short001)", "20200818_002(short001).csproj", "{37E93FAD-E794-4A1D-B44A-1BDC2D78EFF1}"
EndProject
Global
	GlobalSection(SolutionConfigurationPlatforms) = preSolution
		Debug|Any CPU = Debug|Any CPU
		Release|Any CPU = Release|Any CPU
	EndGlobalSection
	GlobalSection(ProjectConfigurationPlatforms) = postSolution
		{37E93FAD-E794-4A1D-B44A-1BDC2D78EFF1}.Debug|Any CPU.ActiveCfg = Debug|Any CPU
		{37E93FAD-E794-4A1D-B44A-1BDC2D78EFF1}.Debug|Any CPU.Build.0 = Debug|Any CPU
		{37E93FAD-E794-4A1D-B44A-1BDC2D78EFF1}.Release|Any CPU.ActiveCfg = Release|Any CPU
		{37E93FAD-E794-4A1D-B44A-1BDC2D78EFF1}.Release|Any CPU.Build.0 = Release|Any CPU
	EndGlobalSection
	GlobalSection(SolutionProperties) = preSolution
		HideSolutionNode = FALSE
	EndGlobalSection
	GlobalSection(ExtensibilityGlobals) = postSolution
		SolutionGuid = {90E55BC2-491A-485F-A7B8-8F0B76EC1A64}
	EndGlobalSection
EndGlobal
