
Microsoft Visual Studio Solution File, Format Version 12.00
# Visual Studio Version 16
VisualStudioVersion = 16.0.30114.105
MinimumVisualStudioVersion = 10.0.40219.1
Project("{FAE04EC0-301F-11D3-BF4B-00C04F79EFBC}") = "ConsoleApp1", "..\ConsoleApp1\ConsoleApp1.csproj", "{8D94FC0D-016B-4F72-A3AC-318529B1E7C0}"
EndProject
Project("{FAE04EC0-301F-11D3-BF4B-00C04F79EFBC}") = "EmptyCombox", "..\EmptyCombox\EmptyCombox.csproj", "{3791A959-1426-48F3-86CA-0266AAE99113}"
EndProject
Global
	GlobalSection(SolutionConfigurationPlatforms) = preSolution
		Debug|Any CPU = Debug|Any CPU
		Release|Any CPU = Release|Any CPU
	EndGlobalSection
	GlobalSection(ProjectConfigurationPlatforms) = postSolution
		{8D94FC0D-016B-4F72-A3AC-318529B1E7C0}.Debug|Any CPU.ActiveCfg = Debug|Any CPU
		{8D94FC0D-016B-4F72-A3AC-318529B1E7C0}.Debug|Any CPU.Build.0 = Debug|Any CPU
		{8D94FC0D-016B-4F72-A3AC-318529B1E7C0}.Release|Any CPU.ActiveCfg = Release|Any CPU
		{8D94FC0D-016B-4F72-A3AC-318529B1E7C0}.Release|Any CPU.Build.0 = Release|Any CPU
		{3791A959-1426-48F3-86CA-0266AAE99113}.Debug|Any CPU.ActiveCfg = Debug|Any CPU
		{3791A959-1426-48F3-86CA-0266AAE99113}.Debug|Any CPU.Build.0 = Debug|Any CPU
		{3791A959-1426-48F3-86CA-0266AAE99113}.Release|Any CPU.ActiveCfg = Release|Any CPU
		{3791A959-1426-48F3-86CA-0266AAE99113}.Release|Any CPU.Build.0 = Release|Any CPU
	EndGlobalSection
	GlobalSection(SolutionProperties) = preSolution
		HideSolutionNode = FALSE
	EndGlobalSection
	GlobalSection(ExtensibilityGlobals) = postSolution
		SolutionGuid = {92749397-C5ED-4093-B8C5-6534821589A5}
	EndGlobalSection
EndGlobal
