
Microsoft Visual Studio Solution File, Format Version 12.00
# Visual Studio Version 16
VisualStudioVersion = 16.0.30320.27
MinimumVisualStudioVersion = 10.0.40219.1
Project("{FAE04EC0-301F-11D3-BF4B-00C04F79EFBC}") = "sokoban_003_Background", "sokoban_003_Background.csproj", "{5C0D9267-C9CC-464B-8054-7C5CFB8E93B8}"
EndProject
Global
	GlobalSection(SolutionConfigurationPlatforms) = preSolution
		Debug|Any CPU = Debug|Any CPU
		Release|Any CPU = Release|Any CPU
	EndGlobalSection
	GlobalSection(ProjectConfigurationPlatforms) = postSolution
		{5C0D9267-C9CC-464B-8054-7C5CFB8E93B8}.Debug|Any CPU.ActiveCfg = Debug|Any CPU
		{5C0D9267-C9CC-464B-8054-7C5CFB8E93B8}.Debug|Any CPU.Build.0 = Debug|Any CPU
		{5C0D9267-C9CC-464B-8054-7C5CFB8E93B8}.Release|Any CPU.ActiveCfg = Release|Any CPU
		{5C0D9267-C9CC-464B-8054-7C5CFB8E93B8}.Release|Any CPU.Build.0 = Release|Any CPU
	EndGlobalSection
	GlobalSection(SolutionProperties) = preSolution
		HideSolutionNode = FALSE
	EndGlobalSection
	GlobalSection(ExtensibilityGlobals) = postSolution
		SolutionGuid = {EE668B1E-1299-4103-BE26-4C79326DA499}
	EndGlobalSection
EndGlobal
