
Microsoft Visual Studio Solution File, Format Version 12.00
# Visual Studio Version 16
VisualStudioVersion = 16.0.30114.105
MinimumVisualStudioVersion = 10.0.40219.1
Project("{FAE04EC0-301F-11D3-BF4B-00C04F79EFBC}") = "20200716_005", "20200716_005.csproj", "{4855A4FB-8756-4A82-8C72-7A42DAE956BD}"
EndProject
Global
	GlobalSection(SolutionConfigurationPlatforms) = preSolution
		Debug|Any CPU = Debug|Any CPU
		Release|Any CPU = Release|Any CPU
	EndGlobalSection
	GlobalSection(ProjectConfigurationPlatforms) = postSolution
		{4855A4FB-8756-4A82-8C72-7A42DAE956BD}.Debug|Any CPU.ActiveCfg = Debug|Any CPU
		{4855A4FB-8756-4A82-8C72-7A42DAE956BD}.Debug|Any CPU.Build.0 = Debug|Any CPU
		{4855A4FB-8756-4A82-8C72-7A42DAE956BD}.Release|Any CPU.ActiveCfg = Release|Any CPU
		{4855A4FB-8756-4A82-8C72-7A42DAE956BD}.Release|Any CPU.Build.0 = Release|Any CPU
	EndGlobalSection
	GlobalSection(SolutionProperties) = preSolution
		HideSolutionNode = FALSE
	EndGlobalSection
	GlobalSection(ExtensibilityGlobals) = postSolution
		SolutionGuid = {723EC1E2-0C26-4F95-8905-560B09C66EEB}
	EndGlobalSection
EndGlobal
