
Microsoft Visual Studio Solution File, Format Version 12.00
# Visual Studio Version 16
VisualStudioVersion = 16.0.30114.105
MinimumVisualStudioVersion = 10.0.40219.1
Project("{FAE04EC0-301F-11D3-BF4B-00C04F79EFBC}") = "20200601_006", "20200601_006.csproj", "{63671C36-A155-47BE-A438-8C44401B4486}"
EndProject
Global
	GlobalSection(SolutionConfigurationPlatforms) = preSolution
		Debug|Any CPU = Debug|Any CPU
		Release|Any CPU = Release|Any CPU
	EndGlobalSection
	GlobalSection(ProjectConfigurationPlatforms) = postSolution
		{63671C36-A155-47BE-A438-8C44401B4486}.Debug|Any CPU.ActiveCfg = Debug|Any CPU
		{63671C36-A155-47BE-A438-8C44401B4486}.Debug|Any CPU.Build.0 = Debug|Any CPU
		{63671C36-A155-47BE-A438-8C44401B4486}.Release|Any CPU.ActiveCfg = Release|Any CPU
		{63671C36-A155-47BE-A438-8C44401B4486}.Release|Any CPU.Build.0 = Release|Any CPU
	EndGlobalSection
	GlobalSection(SolutionProperties) = preSolution
		HideSolutionNode = FALSE
	EndGlobalSection
	GlobalSection(ExtensibilityGlobals) = postSolution
		SolutionGuid = {A8E04FDF-CFC2-4E6F-BCDB-F4F8C26365E8}
	EndGlobalSection
EndGlobal
