
Microsoft Visual Studio Solution File, Format Version 12.00
# Visual Studio Version 16
VisualStudioVersion = 16.0.30320.27
MinimumVisualStudioVersion = 10.0.40219.1
Project("{FAE04EC0-301F-11D3-BF4B-00C04F79EFBC}") = "20200818_001", "20200818_001.csproj", "{AFB3B358-369B-4F93-A83C-F112D7B7C6BB}"
EndProject
Global
	GlobalSection(SolutionConfigurationPlatforms) = preSolution
		Debug|Any CPU = Debug|Any CPU
		Release|Any CPU = Release|Any CPU
	EndGlobalSection
	GlobalSection(ProjectConfigurationPlatforms) = postSolution
		{AFB3B358-369B-4F93-A83C-F112D7B7C6BB}.Debug|Any CPU.ActiveCfg = Debug|Any CPU
		{AFB3B358-369B-4F93-A83C-F112D7B7C6BB}.Debug|Any CPU.Build.0 = Debug|Any CPU
		{AFB3B358-369B-4F93-A83C-F112D7B7C6BB}.Release|Any CPU.ActiveCfg = Release|Any CPU
		{AFB3B358-369B-4F93-A83C-F112D7B7C6BB}.Release|Any CPU.Build.0 = Release|Any CPU
	EndGlobalSection
	GlobalSection(SolutionProperties) = preSolution
		HideSolutionNode = FALSE
	EndGlobalSection
	GlobalSection(ExtensibilityGlobals) = postSolution
		SolutionGuid = {400C23F5-E4A2-4D84-9BD8-FD5EA42869CE}
	EndGlobalSection
EndGlobal
