
Microsoft Visual Studio Solution File, Format Version 12.00
# Visual Studio Version 16
VisualStudioVersion = 16.0.30114.105
MinimumVisualStudioVersion = 10.0.40219.1
Project("{FAE04EC0-301F-11D3-BF4B-00C04F79EFBC}") = "20200527_003_solution", "20200527_003_solution.csproj", "{EF1D4026-C549-488E-9C17-7DA465E68D65}"
EndProject
Global
	GlobalSection(SolutionConfigurationPlatforms) = preSolution
		Debug|Any CPU = Debug|Any CPU
		Release|Any CPU = Release|Any CPU
	EndGlobalSection
	GlobalSection(ProjectConfigurationPlatforms) = postSolution
		{EF1D4026-C549-488E-9C17-7DA465E68D65}.Debug|Any CPU.ActiveCfg = Debug|Any CPU
		{EF1D4026-C549-488E-9C17-7DA465E68D65}.Debug|Any CPU.Build.0 = Debug|Any CPU
		{EF1D4026-C549-488E-9C17-7DA465E68D65}.Release|Any CPU.ActiveCfg = Release|Any CPU
		{EF1D4026-C549-488E-9C17-7DA465E68D65}.Release|Any CPU.Build.0 = Release|Any CPU
	EndGlobalSection
	GlobalSection(SolutionProperties) = preSolution
		HideSolutionNode = FALSE
	EndGlobalSection
	GlobalSection(ExtensibilityGlobals) = postSolution
		SolutionGuid = {B7D9AA52-6B67-415F-99B7-36576ED2BADC}
	EndGlobalSection
EndGlobal
