
Microsoft Visual Studio Solution File, Format Version 12.00
# Visual Studio Version 16
VisualStudioVersion = 16.0.30114.105
MinimumVisualStudioVersion = 10.0.40219.1
Project("{FAE04EC0-301F-11D3-BF4B-00C04F79EFBC}") = "20200602_004", "20200602_004.csproj", "{121F4525-7675-48AF-A593-B1F971CC69D7}"
EndProject
Global
	GlobalSection(SolutionConfigurationPlatforms) = preSolution
		Debug|Any CPU = Debug|Any CPU
		Release|Any CPU = Release|Any CPU
	EndGlobalSection
	GlobalSection(ProjectConfigurationPlatforms) = postSolution
		{121F4525-7675-48AF-A593-B1F971CC69D7}.Debug|Any CPU.ActiveCfg = Debug|Any CPU
		{121F4525-7675-48AF-A593-B1F971CC69D7}.Debug|Any CPU.Build.0 = Debug|Any CPU
		{121F4525-7675-48AF-A593-B1F971CC69D7}.Release|Any CPU.ActiveCfg = Release|Any CPU
		{121F4525-7675-48AF-A593-B1F971CC69D7}.Release|Any CPU.Build.0 = Release|Any CPU
	EndGlobalSection
	GlobalSection(SolutionProperties) = preSolution
		HideSolutionNode = FALSE
	EndGlobalSection
	GlobalSection(ExtensibilityGlobals) = postSolution
		SolutionGuid = {7D38C3E4-D1C3-4D9D-9759-A176D2C09F40}
	EndGlobalSection
EndGlobal
