
Microsoft Visual Studio Solution File, Format Version 12.00
# Visual Studio Version 16
VisualStudioVersion = 16.0.30320.27
MinimumVisualStudioVersion = 10.0.40219.1
Project("{FAE04EC0-301F-11D3-BF4B-00C04F79EFBC}") = "20200731_001", "20200731_001.csproj", "{05F073DC-EA7B-42DF-A56A-963EFEE3450F}"
EndProject
Global
	GlobalSection(SolutionConfigurationPlatforms) = preSolution
		Debug|Any CPU = Debug|Any CPU
		Release|Any CPU = Release|Any CPU
	EndGlobalSection
	GlobalSection(ProjectConfigurationPlatforms) = postSolution
		{05F073DC-EA7B-42DF-A56A-963EFEE3450F}.Debug|Any CPU.ActiveCfg = Debug|Any CPU
		{05F073DC-EA7B-42DF-A56A-963EFEE3450F}.Debug|Any CPU.Build.0 = Debug|Any CPU
		{05F073DC-EA7B-42DF-A56A-963EFEE3450F}.Release|Any CPU.ActiveCfg = Release|Any CPU
		{05F073DC-EA7B-42DF-A56A-963EFEE3450F}.Release|Any CPU.Build.0 = Release|Any CPU
	EndGlobalSection
	GlobalSection(SolutionProperties) = preSolution
		HideSolutionNode = FALSE
	EndGlobalSection
	GlobalSection(ExtensibilityGlobals) = postSolution
		SolutionGuid = {63639EB2-393D-4BB9-A8A3-B685D1ABFE58}
	EndGlobalSection
EndGlobal
