
Microsoft Visual Studio Solution File, Format Version 12.00
# Visual Studio Version 16
VisualStudioVersion = 16.0.30114.105
MinimumVisualStudioVersion = 10.0.40219.1
Project("{FAE04EC0-301F-11D3-BF4B-00C04F79EFBC}") = "20200602_001", "20200602_001.csproj", "{86F90897-86A2-404D-82D7-131B27FD0601}"
EndProject
Global
	GlobalSection(SolutionConfigurationPlatforms) = preSolution
		Debug|Any CPU = Debug|Any CPU
		Release|Any CPU = Release|Any CPU
	EndGlobalSection
	GlobalSection(ProjectConfigurationPlatforms) = postSolution
		{86F90897-86A2-404D-82D7-131B27FD0601}.Debug|Any CPU.ActiveCfg = Debug|Any CPU
		{86F90897-86A2-404D-82D7-131B27FD0601}.Debug|Any CPU.Build.0 = Debug|Any CPU
		{86F90897-86A2-404D-82D7-131B27FD0601}.Release|Any CPU.ActiveCfg = Release|Any CPU
		{86F90897-86A2-404D-82D7-131B27FD0601}.Release|Any CPU.Build.0 = Release|Any CPU
	EndGlobalSection
	GlobalSection(SolutionProperties) = preSolution
		HideSolutionNode = FALSE
	EndGlobalSection
	GlobalSection(ExtensibilityGlobals) = postSolution
		SolutionGuid = {A9BA8D21-C887-46FC-994D-A1E877882461}
	EndGlobalSection
EndGlobal
