
Microsoft Visual Studio Solution File, Format Version 12.00
# Visual Studio Version 16
VisualStudioVersion = 16.0.30114.105
MinimumVisualStudioVersion = 10.0.40219.1
Project("{FAE04EC0-301F-11D3-BF4B-00C04F79EFBC}") = "20200525_004", "20200525_004.csproj", "{44156AF5-4211-46A2-BF4D-213A7B7CC588}"
EndProject
Global
	GlobalSection(SolutionConfigurationPlatforms) = preSolution
		Debug|Any CPU = Debug|Any CPU
		Release|Any CPU = Release|Any CPU
	EndGlobalSection
	GlobalSection(ProjectConfigurationPlatforms) = postSolution
		{44156AF5-4211-46A2-BF4D-213A7B7CC588}.Debug|Any CPU.ActiveCfg = Debug|Any CPU
		{44156AF5-4211-46A2-BF4D-213A7B7CC588}.Debug|Any CPU.Build.0 = Debug|Any CPU
		{44156AF5-4211-46A2-BF4D-213A7B7CC588}.Release|Any CPU.ActiveCfg = Release|Any CPU
		{44156AF5-4211-46A2-BF4D-213A7B7CC588}.Release|Any CPU.Build.0 = Release|Any CPU
	EndGlobalSection
	GlobalSection(SolutionProperties) = preSolution
		HideSolutionNode = FALSE
	EndGlobalSection
	GlobalSection(ExtensibilityGlobals) = postSolution
		SolutionGuid = {FFE99203-1209-4C8C-8367-CBFD6DDC7F25}
	EndGlobalSection
EndGlobal
