
Microsoft Visual Studio Solution File, Format Version 12.00
# Visual Studio Version 16
VisualStudioVersion = 16.0.30114.105
MinimumVisualStudioVersion = 10.0.40219.1
Project("{FAE04EC0-301F-11D3-BF4B-00C04F79EFBC}") = "20200526_0052", "20200526_0052.csproj", "{3C20CAEB-D5E6-4ED5-AFCC-D434B089B559}"
EndProject
Global
	GlobalSection(SolutionConfigurationPlatforms) = preSolution
		Debug|Any CPU = Debug|Any CPU
		Release|Any CPU = Release|Any CPU
	EndGlobalSection
	GlobalSection(ProjectConfigurationPlatforms) = postSolution
		{3C20CAEB-D5E6-4ED5-AFCC-D434B089B559}.Debug|Any CPU.ActiveCfg = Debug|Any CPU
		{3C20CAEB-D5E6-4ED5-AFCC-D434B089B559}.Debug|Any CPU.Build.0 = Debug|Any CPU
		{3C20CAEB-D5E6-4ED5-AFCC-D434B089B559}.Release|Any CPU.ActiveCfg = Release|Any CPU
		{3C20CAEB-D5E6-4ED5-AFCC-D434B089B559}.Release|Any CPU.Build.0 = Release|Any CPU
	EndGlobalSection
	GlobalSection(SolutionProperties) = preSolution
		HideSolutionNode = FALSE
	EndGlobalSection
	GlobalSection(ExtensibilityGlobals) = postSolution
		SolutionGuid = {C8F05975-12B3-4FC9-AFF7-B52B3519D261}
	EndGlobalSection
EndGlobal
